<?xml version="1.0" encoding="utf-8"?>
<Project ToolsVersion="4.0" xmlns="http://schemas.microsoft.com/developer/msbuild/2003">
  <ItemGroup>
    <Filter Include="소스 파일">
      <UniqueIdentifier>{4FC737F1-C7A5-4376-A066-2A32D752A2FF}</UniqueIdentifier>
      <Extensions>cpp;c;cc;cxx;def;odl;idl;hpj;bat;asm;asmx</Extensions>
    </Filter>
    <Filter Include="헤더 파일">
      <UniqueIdentifier>{93995380-89BD-4b04-88EB-625FBE52EBFB}</UniqueIdentifier>
      <Extensions>h;hh;hpp;hxx;hm;inl;inc;xsd</Extensions>
    </Filter>
    <Filter Include="리소스 파일">
      <UniqueIdentifier>{67DA6AB6-F800-4c08-8B7A-83BB121AAD01}</UniqueIdentifier>
      <Extensions>rc;ico;cur;bmp;dlg;rc2;rct;bin;rgs;gif;jpg;jpeg;jpe;resx;tiff;tif;png;wav;mfcribbon-ms</Extensions>
    </Filter>
    <Filter Include="소스 파일\ImageChannel">
      <UniqueIdentifier>{08d6654a-52a9-431e-8073-e7030cc1c619}</UniqueIdentifier>
    </Filter>
    <Filter Include="소스 파일\FireDetectionRules">
      <UniqueIdentifier>{913fd276-21d1-4563-ae4c-2b8ba456474a}</UniqueIdentifier>
    </Filter>
    <Filter Include="소스 파일\MotionDetection">
      <UniqueIdentifier>{d824a7a0-d3fd-48bc-b7b0-e7878f3c8098}</UniqueIdentifier>
    </Filter>
    <Filter Include="소스 파일\FireDetectionRules\FireDetectionMask">
      <UniqueIdentifier>{23aaca3f-ce2e-471c-9613-fc905a19ccac}</UniqueIdentifier>
    </Filter>
  </ItemGroup>
  <ItemGroup>
    <Text Include="ReadMe.txt" />
  </ItemGroup>
  <ItemGroup>
    <ClInclude Include="stdafx.h">
      <Filter>헤더 파일</Filter>
    </ClInclude>
    <ClInclude Include="targetver.h">
      <Filter>헤더 파일</Filter>
    </ClInclude>
    <ClInclude Include="ImageChannel.h">
      <Filter>소스 파일\ImageChannel</Filter>
    </ClInclude>
    <ClInclude Include="FireDetectionRules.h">
      <Filter>소스 파일\FireDetectionRules</Filter>
    </ClInclude>
    <ClInclude Include="FireDetectionMask.h">
      <Filter>소스 파일\FireDetectionRules\FireDetectionMask</Filter>
    </ClInclude>
    <ClInclude Include="MotionDetectionMask.h">
      <Filter>소스 파일\MotionDetection</Filter>
    </ClInclude>
  </ItemGroup>
  <ItemGroup>
    <ClCompile Include="stdafx.cpp">
      <Filter>소스 파일</Filter>
    </ClCompile>
    <ClCompile Include="please.cpp">
      <Filter>소스 파일</Filter>
    </ClCompile>
    <ClCompile Include="ImageChannel.cpp">
      <Filter>소스 파일\ImageChannel</Filter>
    </ClCompile>
    <ClCompile Include="FireDetectionRules.cpp">
      <Filter>소스 파일\FireDetectionRules</Filter>
    </ClCompile>
    <ClCompile Include="FireDetectionMask.cpp">
      <Filter>소스 파일\FireDetectionRules\FireDetectionMask</Filter>
    </ClCompile>
    <ClCompile Include="MotionDetectionMask.cpp">
      <Filter>소스 파일\MotionDetection</Filter>
    </ClCompile>
  </ItemGroup>
</Project>