
Microsoft Visual Studio Solution File, Format Version 12.00
# Visual Studio 15
VisualStudioVersion = 15.0.26730.8
MinimumVisualStudioVersion = 10.0.40219.1
Project("{8BC9CEB8-8B4A-11D0-8D11-00A0C91BC942}") = "FireDetect", "FireDetect\FireDetect.vcxproj", "{8F7C126C-8EC3-4009-A40D-C4C5D38B6731}"
EndProject
Global
	GlobalSection(SolutionConfigurationPlatforms) = preSolution
		Debug|x64 = Debug|x64
		Debug|x86 = Debug|x86
		Release|x64 = Release|x64
		Release|x86 = Release|x86
	EndGlobalSection
	GlobalSection(ProjectConfigurationPlatforms) = postSolution
		{8F7C126C-8EC3-4009-A40D-C4C5D38B6731}.Debug|x64.ActiveCfg = Debug|x64
		{8F7C126C-8EC3-4009-A40D-C4C5D38B6731}.Debug|x64.Build.0 = Debug|x64
		{8F7C126C-8EC3-4009-A40D-C4C5D38B6731}.Debug|x86.ActiveCfg = Release|x64
		{8F7C126C-8EC3-4009-A40D-C4C5D38B6731}.Debug|x86.Build.0 = Release|x64
		{8F7C126C-8EC3-4009-A40D-C4C5D38B6731}.Release|x64.ActiveCfg = Release|x64
		{8F7C126C-8EC3-4009-A40D-C4C5D38B6731}.Release|x64.Build.0 = Release|x64
		{8F7C126C-8EC3-4009-A40D-C4C5D38B6731}.Release|x86.ActiveCfg = Release|Win32
		{8F7C126C-8EC3-4009-A40D-C4C5D38B6731}.Release|x86.Build.0 = Release|Win32
	EndGlobalSection
	GlobalSection(SolutionProperties) = preSolution
		HideSolutionNode = FALSE
	EndGlobalSection
	GlobalSection(ExtensibilityGlobals) = postSolution
		SolutionGuid = {EE6CE4B2-E1CE-4F6F-83D0-B1A106E9DFEC}
	EndGlobalSection
EndGlobal
